
Microsoft Visual Studio Solution File, Format Version 12.00
# Visual Studio Version 17
VisualStudioVersion = 17.3.32901.215
MinimumVisualStudioVersion = 10.0.40219.1
Project("{FAE04EC0-301F-11D3-BF4B-00C04F79EFBC}") = "Test2", "Test2\Test2.csproj", "{AC717013-8132-4BAE-BDE0-3E105C2F5C42}"
EndProject
Global
	GlobalSection(SolutionConfigurationPlatforms) = preSolution
		Debug|Any CPU = Debug|Any CPU
		Release|Any CPU = Release|Any CPU
	EndGlobalSection
	GlobalSection(ProjectConfigurationPlatforms) = postSolution
		{AC717013-8132-4BAE-BDE0-3E105C2F5C42}.Debug|Any CPU.ActiveCfg = Debug|Any CPU
		{AC717013-8132-4BAE-BDE0-3E105C2F5C42}.Debug|Any CPU.Build.0 = Debug|Any CPU
		{AC717013-8132-4BAE-BDE0-3E105C2F5C42}.Release|Any CPU.ActiveCfg = Release|Any CPU
		{AC717013-8132-4BAE-BDE0-3E105C2F5C42}.Release|Any CPU.Build.0 = Release|Any CPU
	EndGlobalSection
	GlobalSection(SolutionProperties) = preSolution
		HideSolutionNode = FALSE
	EndGlobalSection
	GlobalSection(ExtensibilityGlobals) = postSolution
		SolutionGuid = {ABE1DC66-4418-49E3-BAA9-874B76B99964}
	EndGlobalSection
EndGlobal
